
Microsoft Visual Studio Solution File, Format Version 12.00
Project("{FAE04EC0-301F-11D3-BF4B-00C04F79EFBC}") = "TestTask1", "TestTask1\TestTask1.csproj", "{6AB58AD3-641A-4B4B-940D-A85381CAAEDD}"
EndProject
Global
	GlobalSection(SolutionConfigurationPlatforms) = preSolution
		Debug|Any CPU = Debug|Any CPU
		Release|Any CPU = Release|Any CPU
	EndGlobalSection
	GlobalSection(ProjectConfigurationPlatforms) = postSolution
		{6AB58AD3-641A-4B4B-940D-A85381CAAEDD}.Debug|Any CPU.ActiveCfg = Debug|Any CPU
		{6AB58AD3-641A-4B4B-940D-A85381CAAEDD}.Debug|Any CPU.Build.0 = Debug|Any CPU
		{6AB58AD3-641A-4B4B-940D-A85381CAAEDD}.Release|Any CPU.ActiveCfg = Release|Any CPU
		{6AB58AD3-641A-4B4B-940D-A85381CAAEDD}.Release|Any CPU.Build.0 = Release|Any CPU
	EndGlobalSection
EndGlobal
